
Microsoft Visual Studio Solution File, Format Version 12.00
# Visual Studio Version 16
VisualStudioVersion = 16.0.30717.126
MinimumVisualStudioVersion = 10.0.40219.1
Project("{FAE04EC0-301F-11D3-BF4B-00C04F79EFBC}") = "GroupProject5ECharCreator", "GroupProject5ECharCreator.csproj", "{A42D3326-A71F-4B2F-BFC7-AEB706325ADF}"
EndProject
Global
	GlobalSection(SolutionConfigurationPlatforms) = preSolution
		Debug|Any CPU = Debug|Any CPU
		Release|Any CPU = Release|Any CPU
	EndGlobalSection
	GlobalSection(ProjectConfigurationPlatforms) = postSolution
		{A42D3326-A71F-4B2F-BFC7-AEB706325ADF}.Debug|Any CPU.ActiveCfg = Debug|Any CPU
		{A42D3326-A71F-4B2F-BFC7-AEB706325ADF}.Debug|Any CPU.Build.0 = Debug|Any CPU
		{A42D3326-A71F-4B2F-BFC7-AEB706325ADF}.Release|Any CPU.ActiveCfg = Release|Any CPU
		{A42D3326-A71F-4B2F-BFC7-AEB706325ADF}.Release|Any CPU.Build.0 = Release|Any CPU
	EndGlobalSection
	GlobalSection(SolutionProperties) = preSolution
		HideSolutionNode = FALSE
	EndGlobalSection
	GlobalSection(ExtensibilityGlobals) = postSolution
		SolutionGuid = {2C9A3D7D-A094-4310-949D-AFAF48CDAA42}
	EndGlobalSection
EndGlobal
